
Microsoft Visual Studio Solution File, Format Version 11.00
# Visual C++ Express 2010
Project("{8BC9CEB8-8B4A-11D0-8D11-00A0C91BC942}") = "homework2-1", "homework2-1\homework2-1.vcxproj", "{9FA67A6D-901E-44ED-9171-936C2B98C050}"
EndProject
Global
	GlobalSection(SolutionConfigurationPlatforms) = preSolution
		Debug|Win32 = Debug|Win32
		Release|Win32 = Release|Win32
	EndGlobalSection
	GlobalSection(ProjectConfigurationPlatforms) = postSolution
		{9FA67A6D-901E-44ED-9171-936C2B98C050}.Debug|Win32.ActiveCfg = Debug|Win32
		{9FA67A6D-901E-44ED-9171-936C2B98C050}.Debug|Win32.Build.0 = Debug|Win32
		{9FA67A6D-901E-44ED-9171-936C2B98C050}.Release|Win32.ActiveCfg = Release|Win32
		{9FA67A6D-901E-44ED-9171-936C2B98C050}.Release|Win32.Build.0 = Release|Win32
	EndGlobalSection
	GlobalSection(SolutionProperties) = preSolution
		HideSolutionNode = FALSE
	EndGlobalSection
EndGlobal
