
Microsoft Visual Studio Solution File, Format Version 11.00
# Visual C++ Express 2010
Project("{8BC9CEB8-8B4A-11D0-8D11-00A0C91BC942}") = "homework1-2", "homework1-2\homework1-2.vcxproj", "{F4EE99DC-AC93-449B-9CC0-D7FDF587C379}"
EndProject
Global
	GlobalSection(SolutionConfigurationPlatforms) = preSolution
		Debug|Win32 = Debug|Win32
		Release|Win32 = Release|Win32
	EndGlobalSection
	GlobalSection(ProjectConfigurationPlatforms) = postSolution
		{F4EE99DC-AC93-449B-9CC0-D7FDF587C379}.Debug|Win32.ActiveCfg = Debug|Win32
		{F4EE99DC-AC93-449B-9CC0-D7FDF587C379}.Debug|Win32.Build.0 = Debug|Win32
		{F4EE99DC-AC93-449B-9CC0-D7FDF587C379}.Release|Win32.ActiveCfg = Release|Win32
		{F4EE99DC-AC93-449B-9CC0-D7FDF587C379}.Release|Win32.Build.0 = Release|Win32
	EndGlobalSection
	GlobalSection(SolutionProperties) = preSolution
		HideSolutionNode = FALSE
	EndGlobalSection
EndGlobal
